
Microsoft Visual Studio Solution File, Format Version 12.00
# Visual Studio Version 17
VisualStudioVersion = 17.9.34701.34
MinimumVisualStudioVersion = 10.0.40219.1
Project("{FAE04EC0-301F-11D3-BF4B-00C04F79EFBC}") = "ApiRestUdemy", "ApiRestUdemy\ApiRestUdemy.csproj", "{772B83DB-7A9F-4A1F-BE22-204B4B1CF0BC}"
EndProject
Global
	GlobalSection(SolutionConfigurationPlatforms) = preSolution
		Debug|Any CPU = Debug|Any CPU
		Release|Any CPU = Release|Any CPU
	EndGlobalSection
	GlobalSection(ProjectConfigurationPlatforms) = postSolution
		{772B83DB-7A9F-4A1F-BE22-204B4B1CF0BC}.Debug|Any CPU.ActiveCfg = Debug|Any CPU
		{772B83DB-7A9F-4A1F-BE22-204B4B1CF0BC}.Debug|Any CPU.Build.0 = Debug|Any CPU
		{772B83DB-7A9F-4A1F-BE22-204B4B1CF0BC}.Release|Any CPU.ActiveCfg = Release|Any CPU
		{772B83DB-7A9F-4A1F-BE22-204B4B1CF0BC}.Release|Any CPU.Build.0 = Release|Any CPU
	EndGlobalSection
	GlobalSection(SolutionProperties) = preSolution
		HideSolutionNode = FALSE
	EndGlobalSection
	GlobalSection(ExtensibilityGlobals) = postSolution
		SolutionGuid = {8445152D-4EA1-4667-B804-6DF2795BA85E}
	EndGlobalSection
EndGlobal
